
Microsoft Visual Studio Solution File, Format Version 12.00
# Visual Studio Version 17
VisualStudioVersion = 17.0.32112.339
MinimumVisualStudioVersion = 10.0.40219.1
Project("{9A19103F-16F7-4668-BE54-9A1E7A4F7556}") = "MyWebApi", "MyWebApi\MyWebApi.csproj", "{9F430DF9-CD1C-46DE-B25E-88B111FEB7A5}"
EndProject
Project("{9A19103F-16F7-4668-BE54-9A1E7A4F7556}") = "MyMVCProject", "MyMVCProject\MyMVCProject.csproj", "{21BD2B2F-D987-4795-8561-303631D9BA66}"
EndProject
Project("{2150E333-8FDC-42A3-9474-1A3956D46DE8}") = "Solution Items", "Solution Items", "{D59821B7-0DFD-4577-85C2-95FEC66AD773}"
	ProjectSection(SolutionItems) = preProject
		.gitignore = .gitignore
	EndProjectSection
EndProject
Project("{FAE04EC0-301F-11D3-BF4B-00C04F79EFBC}") = "MyGrpcProject", "MyGrpcProject\MyGrpcProject.csproj", "{2D33E611-8728-411F-AFC7-7B56E68CB5FF}"
EndProject
Project("{FAE04EC0-301F-11D3-BF4B-00C04F79EFBC}") = "MyGrpcClientProject", "MyGrpcClientProject\MyGrpcClientProject.csproj", "{B7DB574C-DF48-44E9-9F41-BE1DB3674331}"
EndProject
Global
	GlobalSection(SolutionConfigurationPlatforms) = preSolution
		Debug|Any CPU = Debug|Any CPU
		Release|Any CPU = Release|Any CPU
	EndGlobalSection
	GlobalSection(ProjectConfigurationPlatforms) = postSolution
		{9F430DF9-CD1C-46DE-B25E-88B111FEB7A5}.Debug|Any CPU.ActiveCfg = Debug|Any CPU
		{9F430DF9-CD1C-46DE-B25E-88B111FEB7A5}.Debug|Any CPU.Build.0 = Debug|Any CPU
		{9F430DF9-CD1C-46DE-B25E-88B111FEB7A5}.Release|Any CPU.ActiveCfg = Release|Any CPU
		{9F430DF9-CD1C-46DE-B25E-88B111FEB7A5}.Release|Any CPU.Build.0 = Release|Any CPU
		{21BD2B2F-D987-4795-8561-303631D9BA66}.Debug|Any CPU.ActiveCfg = Debug|Any CPU
		{21BD2B2F-D987-4795-8561-303631D9BA66}.Debug|Any CPU.Build.0 = Debug|Any CPU
		{21BD2B2F-D987-4795-8561-303631D9BA66}.Release|Any CPU.ActiveCfg = Release|Any CPU
		{21BD2B2F-D987-4795-8561-303631D9BA66}.Release|Any CPU.Build.0 = Release|Any CPU
		{2D33E611-8728-411F-AFC7-7B56E68CB5FF}.Debug|Any CPU.ActiveCfg = Debug|Any CPU
		{2D33E611-8728-411F-AFC7-7B56E68CB5FF}.Debug|Any CPU.Build.0 = Debug|Any CPU
		{2D33E611-8728-411F-AFC7-7B56E68CB5FF}.Release|Any CPU.ActiveCfg = Release|Any CPU
		{2D33E611-8728-411F-AFC7-7B56E68CB5FF}.Release|Any CPU.Build.0 = Release|Any CPU
		{B7DB574C-DF48-44E9-9F41-BE1DB3674331}.Debug|Any CPU.ActiveCfg = Debug|Any CPU
		{B7DB574C-DF48-44E9-9F41-BE1DB3674331}.Debug|Any CPU.Build.0 = Debug|Any CPU
		{B7DB574C-DF48-44E9-9F41-BE1DB3674331}.Release|Any CPU.ActiveCfg = Release|Any CPU
		{B7DB574C-DF48-44E9-9F41-BE1DB3674331}.Release|Any CPU.Build.0 = Release|Any CPU
	EndGlobalSection
	GlobalSection(SolutionProperties) = preSolution
		HideSolutionNode = FALSE
	EndGlobalSection
	GlobalSection(ExtensibilityGlobals) = postSolution
		SolutionGuid = {5BDD1F95-6A24-43DC-8E18-B6BCDE44E73B}
	EndGlobalSection
EndGlobal
